
Microsoft Visual Studio Solution File, Format Version 12.00
# Visual Studio Version 17
VisualStudioVersion = 17.3.32929.385
MinimumVisualStudioVersion = 10.0.40219.1
Project("{FAE04EC0-301F-11D3-BF4B-00C04F79EFBC}") = "SimpleAsyncAwait", "SimpleAsyncAwait\SimpleAsyncAwait.csproj", "{CBF701DB-14FF-4BB9-AB2F-B23F59F4E2C8}"
EndProject
Global
	GlobalSection(SolutionConfigurationPlatforms) = preSolution
		Debug|Any CPU = Debug|Any CPU
		Release|Any CPU = Release|Any CPU
	EndGlobalSection
	GlobalSection(ProjectConfigurationPlatforms) = postSolution
		{CBF701DB-14FF-4BB9-AB2F-B23F59F4E2C8}.Debug|Any CPU.ActiveCfg = Debug|Any CPU
		{CBF701DB-14FF-4BB9-AB2F-B23F59F4E2C8}.Debug|Any CPU.Build.0 = Debug|Any CPU
		{CBF701DB-14FF-4BB9-AB2F-B23F59F4E2C8}.Release|Any CPU.ActiveCfg = Release|Any CPU
		{CBF701DB-14FF-4BB9-AB2F-B23F59F4E2C8}.Release|Any CPU.Build.0 = Release|Any CPU
	EndGlobalSection
	GlobalSection(SolutionProperties) = preSolution
		HideSolutionNode = FALSE
	EndGlobalSection
	GlobalSection(ExtensibilityGlobals) = postSolution
		SolutionGuid = {A84A5B75-A516-4280-97BF-D762BFFE35A7}
	EndGlobalSection
EndGlobal
